
Microsoft Visual Studio Solution File, Format Version 12.00
# Visual Studio Version 16
VisualStudioVersion = 16.0.808.4
MinimumVisualStudioVersion = 10.0.40219.1
Project("{FAE04EC0-301F-11D3-BF4B-00C04F79EFBC}") = "DemoGraphQL", "DemoGraphQL\DemoGraphQL.csproj", "{40F3D89F-157E-468D-B076-734E21C12683}"
EndProject
Global
	GlobalSection(SolutionConfigurationPlatforms) = preSolution
		Debug|Any CPU = Debug|Any CPU
		Release|Any CPU = Release|Any CPU
	EndGlobalSection
	GlobalSection(ProjectConfigurationPlatforms) = postSolution
		{40F3D89F-157E-468D-B076-734E21C12683}.Debug|Any CPU.ActiveCfg = Debug|Any CPU
		{40F3D89F-157E-468D-B076-734E21C12683}.Debug|Any CPU.Build.0 = Debug|Any CPU
		{40F3D89F-157E-468D-B076-734E21C12683}.Release|Any CPU.ActiveCfg = Release|Any CPU
		{40F3D89F-157E-468D-B076-734E21C12683}.Release|Any CPU.Build.0 = Release|Any CPU
	EndGlobalSection
	GlobalSection(SolutionProperties) = preSolution
		HideSolutionNode = FALSE
	EndGlobalSection
	GlobalSection(ExtensibilityGlobals) = postSolution
		SolutionGuid = {77A920F9-EF83-4164-8DC3-9AACC17CC941}
	EndGlobalSection
EndGlobal
